#MicroXplorer Configuration settings - do not modify
Mcu.Family=STM32G4
ProjectManager.MainLocation=Core/Src
PA6.Mode=IN3-Single-Ended
RCC.USART1Freq_Value=16000000
RCC.SAI1Freq_Value=16000000
USART2.IPParameters=VirtualMode-Asynchronous
RCC.CortexFreq_Value=16000000
ProjectManager.KeepUserCode=true
Mcu.UserName=STM32G431CBUx
ADC2.Channel-0\#ChannelRegularConversion=ADC_CHANNEL_3
TIM1.IPParameters=Channel-PWM Generation1 CH1 CH1N,Channel-PWM Generation2 CH2 CH2N,Channel-Output Compare3 CH3 CH3N
ProjectManager.functionlistsort=1-MX_GPIO_Init-GPIO-false-HAL-true,2-SystemClock_Config-RCC-false-HAL-false,3-MX_TIM1_Init-TIM1-false-HAL-true,4-MX_USART2_UART_Init-USART2-false-HAL-true,5-MX_ADC1_Init-ADC1-false-HAL-true,6-MX_ADC2_Init-ADC2-false-HAL-true,7-MX_I2C1_SMBUS_Init-I2C1-false-HAL-true
PC6.GPIO_Label=LED1
PA11.Mode=PWM Generation1 CH1 CH1N
RCC.USART2Freq_Value=16000000
SH.S_TIM1_CH3.ConfNb=1
SH.S_TIM1_CH1.ConfNb=1
PB15.Signal=TIM1_CH3N
PinOutPanel.RotationAngle=0
RCC.MCO1PinFreq_Value=16000000
ProjectManager.StackSize=0x400
RCC.I2C3Freq_Value=16000000
RCC.LPTIM1Freq_Value=16000000
Mcu.IP4=NVIC
Mcu.IP5=RCC
RCC.FCLKCortexFreq_Value=16000000
Mcu.IP2=FDCAN1
NVIC.SVCall_IRQn=true\:0\:0\:false\:false\:true\:false\:false
Mcu.IP3=I2C1
Mcu.IP0=ADC1
PA12.Locked=true
Mcu.IP1=ADC2
PA12.Signal=TIM1_CH2N
Mcu.UserConstants=
Mcu.ThirdPartyNb=0
RCC.HCLKFreq_Value=16000000
Mcu.IPNb=9
ProjectManager.PreviousToolchain=
RCC.APB2TimFreq_Value=16000000
Mcu.Pin6=PA8
Mcu.Pin7=PA9
Mcu.Pin8=PA10
Mcu.Pin9=PA11
RCC.AHBFreq_Value=16000000
Mcu.Pin0=PA0
Mcu.Pin1=PA2
GPIO.groupedBy=Group By Peripherals
Mcu.Pin2=PA6
Mcu.Pin3=PB1
RCC.USART3Freq_Value=16000000
Mcu.Pin4=PB15
Mcu.Pin5=PC6
ADC1.Channel-0\#ChannelRegularConversion=ADC_CHANNEL_12
ProjectManager.ProjectBuild=false
RCC.HSE_VALUE=8000000
NVIC.UsageFault_IRQn=true\:0\:0\:false\:false\:true\:false\:false
PA0.Locked=true
NVIC.DebugMonitor_IRQn=true\:0\:0\:false\:false\:true\:false\:false
PB3.Mode=Asynchronous
PA8.Locked=true
USART2.VirtualMode-Asynchronous=VM_ASYNC
NVIC.SysTick_IRQn=true\:0\:0\:false\:false\:true\:false\:true
ProjectManager.FirmwarePackage=STM32Cube FW_G4 V1.4.0
MxDb.Version=DB.6.0.21
PB4.Mode=Asynchronous
ProjectManager.BackupPrevious=false
RCC.VCOInputFreq_Value=16000000
PB5.Mode=SMBus-Alert-mode
File.Version=6
PA0.Mode=IN1-Single-Ended
VP_SYS_VS_DBSignals.Mode=DisableDeadBatterySignals
PB7.Signal=I2C1_SDA
PA8.Signal=S_TIM1_CH1
RCC.PLLRCLKFreq_Value=64000000
NVIC.PendSV_IRQn=true\:0\:0\:false\:false\:true\:false\:false
ProjectManager.HalAssertFull=false
ADC1.SamplingTime-0\#ChannelRegularConversion=ADC_SAMPLETIME_2CYCLES_5
ProjectManager.ProjectName=mit_min_cheeta_port
RCC.CRSFreq_Value=48000000
PA0.Signal=ADC2_IN1
Mcu.Package=UFQFPN48
PB9.Signal=FDCAN1_TX
PA6.Signal=ADC2_IN3
PB1.Signal=ADC1_IN12
ProjectManager.ToolChainLocation=
RCC.LSI_VALUE=32000
VP_SYS_VS_Systick.Signal=SYS_VS_Systick
RCC.LSCOPinFreq_Value=32000
PA10.Signal=S_TIM1_CH3
ADC2.SamplingTime-0\#ChannelRegularConversion=ADC_SAMPLETIME_2CYCLES_5
RCC.PLLPoutputFreq_Value=64000000
RCC.APB1TimFreq_Value=16000000
NVIC.BusFault_IRQn=true\:0\:0\:false\:false\:true\:false\:false
RCC.LPUART1Freq_Value=16000000
ADC2.Rank-0\#ChannelRegularConversion=1
ProjectManager.CustomerFirmwarePackage=
RCC.HSI48_VALUE=48000000
PB15.Locked=true
PB3.Locked=true
PB4.Signal=USART2_RX
RCC.I2SFreq_Value=16000000
RCC.PLLQoutputFreq_Value=64000000
ProjectManager.ProjectFileName=mit_min_cheeta_port.ioc
PB8-BOOT0.Mode=FDCAN_Activate
ADC1.Rank-0\#ChannelRegularConversion=1
Mcu.PinsNb=20
ProjectManager.NoMain=false
ADC1.IPParameters=Rank-0\#ChannelRegularConversion,Channel-0\#ChannelRegularConversion,SamplingTime-0\#ChannelRegularConversion,OffsetNumber-0\#ChannelRegularConversion,NbrOfConversionFlag,master
ADC1.OffsetNumber-0\#ChannelRegularConversion=ADC_OFFSET_NONE
PC6.Signal=GPIO_Output
RCC.EXTERNAL_CLOCK_VALUE=12288000
ProjectManager.DefaultFWLocation=true
TIM1.Channel-PWM\ Generation1\ CH1\ CH1N=TIM_CHANNEL_1
ProjectManager.DeletePrevious=true
RCC.FamilyName=M
PA13.Signal=I2C1_SCL
TIM1.Channel-PWM\ Generation2\ CH2\ CH2N=TIM_CHANNEL_2
PA11.Locked=true
SH.S_TIM1_CH1.0=TIM1_CH1,PWM Generation1 CH1 CH1N
ProjectManager.TargetToolchain=STM32CubeIDE
ADC2.IPParameters=Rank-0\#ChannelRegularConversion,Channel-0\#ChannelRegularConversion,SamplingTime-0\#ChannelRegularConversion,OffsetNumber-0\#ChannelRegularConversion,NbrOfConversionFlag
PB9.Mode=FDCAN_Activate
PC6.Locked=true
PA9.Signal=S_TIM1_CH2
PB5.Locked=true
ProjectManager.RegisterCallBack=
RCC.USBFreq_Value=64000000
RCC.LSE_VALUE=32768
SH.S_TIM1_CH2.ConfNb=1
ADC2.OffsetNumber-0\#ChannelRegularConversion=ADC_OFFSET_NONE
PB8-BOOT0.Signal=FDCAN1_RX
board=custom
RCC.VCOOutputFreq_Value=128000000
ProjectManager.LastFirmware=true
PB15.Mode=Output Compare3 CH3 CH3N
RCC.APB2Freq_Value=16000000
RCC.UART4Freq_Value=16000000
MxCube.Version=6.2.1
SH.S_TIM1_CH2.0=TIM1_CH2,PWM Generation2 CH2 CH2N
RCC.I2C1Freq_Value=16000000
VP_SYS_VS_DBSignals.Signal=SYS_VS_DBSignals
RCC.FDCANFreq_Value=16000000
RCC.RNGFreq_Value=64000000
VP_SYS_VS_Systick.Mode=SysTick
PA9.Locked=true
NVIC.NonMaskableInt_IRQn=true\:0\:0\:false\:false\:true\:false\:false
PA13.Mode=SMBus-Alert-mode
ProjectManager.FreePins=false
RCC.IPParameters=AHBFreq_Value,APB1Freq_Value,APB1TimFreq_Value,APB2Freq_Value,APB2TimFreq_Value,CRSFreq_Value,CortexFreq_Value,EXTERNAL_CLOCK_VALUE,FCLKCortexFreq_Value,FDCANFreq_Value,FamilyName,HCLKFreq_Value,HSE_VALUE,HSI48_VALUE,HSI_VALUE,I2C1Freq_Value,I2C2Freq_Value,I2C3Freq_Value,I2SFreq_Value,LPTIM1Freq_Value,LPUART1Freq_Value,LSCOPinFreq_Value,LSE_VALUE,LSI_VALUE,MCO1PinFreq_Value,PLLPoutputFreq_Value,PLLQoutputFreq_Value,PLLRCLKFreq_Value,PWRFreq_Value,RNGFreq_Value,SAI1Freq_Value,SYSCLKFreq_VALUE,UART4Freq_Value,USART1Freq_Value,USART2Freq_Value,USART3Freq_Value,USBFreq_Value,VCOInputFreq_Value,VCOOutputFreq_Value
ProjectManager.AskForMigrate=true
Mcu.Name=STM32G431C(6-8-B)Ux
PA2.Signal=ADC1_IN3
ProjectManager.UnderRoot=true
Mcu.IP8=USART2
Mcu.IP6=SYS
Mcu.IP7=TIM1
ProjectManager.CoupleFile=true
PB4.Locked=true
PB3.Signal=USART2_TX
RCC.SYSCLKFreq_VALUE=16000000
PB5.Signal=I2C1_SMBA
ADC1.master=1
PA12.Mode=PWM Generation2 CH2 CH2N
PA10.Locked=true
ADC2.NbrOfConversionFlag=1
NVIC.ForceEnableDMAVector=true
KeepUserPlacement=false
NVIC.MemoryManagement_IRQn=true\:0\:0\:false\:false\:true\:false\:false
ProjectManager.CompilerOptimize=6
PB7.Mode=SMBus-Alert-mode
PA11.Signal=TIM1_CH1N
ProjectManager.HeapSize=0x200
Mcu.Pin15=PB7
NVIC.HardFault_IRQn=true\:0\:0\:false\:false\:true\:false\:false
Mcu.Pin16=PB8-BOOT0
PB1.Mode=IN12-Single-Ended
Mcu.Pin13=PB4
PC6.GPIOParameters=GPIO_Label
SH.S_TIM1_CH3.0=TIM1_CH3,Output Compare3 CH3 CH3N
Mcu.Pin14=PB5
Mcu.Pin19=VP_SYS_VS_DBSignals
ProjectManager.ComputerToolchain=false
Mcu.Pin17=PB9
RCC.HSI_VALUE=16000000
Mcu.Pin18=VP_SYS_VS_Systick
NVIC.PriorityGroup=NVIC_PRIORITYGROUP_4
ADC1.NbrOfConversionFlag=1
Mcu.Pin11=PA13
Mcu.Pin12=PB3
Mcu.Pin10=PA12
PB7.Locked=true
PA2.Mode=IN3-Single-Ended
RCC.PWRFreq_Value=16000000
TIM1.Channel-Output\ Compare3\ CH3\ CH3N=TIM_CHANNEL_3
RCC.I2C2Freq_Value=16000000
RCC.APB1Freq_Value=16000000
ProjectManager.DeviceId=STM32G431CBUx
ProjectManager.LibraryCopy=1
isbadioc=false
